
Microsoft Visual Studio Solution File, Format Version 12.00
# Visual Studio Version 17
VisualStudioVersion = 17.1.32228.430
MinimumVisualStudioVersion = 10.0.40219.1
Project("{FAE04EC0-301F-11D3-BF4B-00C04F79EFBC}") = "Ab104-11-10-23", "Ab104-11-10-23\Ab104-11-10-23.csproj", "{BDDE971F-FCF9-4689-9ABC-05AB7D3CDDC9}"
EndProject
Global
	GlobalSection(SolutionConfigurationPlatforms) = preSolution
		Debug|Any CPU = Debug|Any CPU
		Release|Any CPU = Release|Any CPU
	EndGlobalSection
	GlobalSection(ProjectConfigurationPlatforms) = postSolution
		{BDDE971F-FCF9-4689-9ABC-05AB7D3CDDC9}.Debug|Any CPU.ActiveCfg = Debug|Any CPU
		{BDDE971F-FCF9-4689-9ABC-05AB7D3CDDC9}.Debug|Any CPU.Build.0 = Debug|Any CPU
		{BDDE971F-FCF9-4689-9ABC-05AB7D3CDDC9}.Release|Any CPU.ActiveCfg = Release|Any CPU
		{BDDE971F-FCF9-4689-9ABC-05AB7D3CDDC9}.Release|Any CPU.Build.0 = Release|Any CPU
	EndGlobalSection
	GlobalSection(SolutionProperties) = preSolution
		HideSolutionNode = FALSE
	EndGlobalSection
	GlobalSection(ExtensibilityGlobals) = postSolution
		SolutionGuid = {B410BFFB-3495-49A0-83C3-DF7F552AE50B}
	EndGlobalSection
EndGlobal
